
Microsoft Visual Studio Solution File, Format Version 12.00
# Visual Studio Version 17
VisualStudioVersion = 17.10.35122.118
MinimumVisualStudioVersion = 10.0.40219.1
Project("{FAE04EC0-301F-11D3-BF4B-00C04F79EFBC}") = "CapaPresentacion", "practica_final_programacion2\CapaPresentacion.csproj", "{0760B60E-494A-4ED3-81AF-03C15DE58314}"
EndProject
Project("{FAE04EC0-301F-11D3-BF4B-00C04F79EFBC}") = "CapaDatos", "CapaDatos\CapaDatos.csproj", "{9FFC95E8-5B0A-4EE2-9622-9929FBFCFA88}"
EndProject
Project("{FAE04EC0-301F-11D3-BF4B-00C04F79EFBC}") = "CapaNegocio", "CapaNegocio\CapaNegocio.csproj", "{5CEF3264-2B51-4EF3-AD17-B5D17C26CD5F}"
EndProject
Global
	GlobalSection(SolutionConfigurationPlatforms) = preSolution
		Debug|Any CPU = Debug|Any CPU
		Release|Any CPU = Release|Any CPU
	EndGlobalSection
	GlobalSection(ProjectConfigurationPlatforms) = postSolution
		{0760B60E-494A-4ED3-81AF-03C15DE58314}.Debug|Any CPU.ActiveCfg = Debug|Any CPU
		{0760B60E-494A-4ED3-81AF-03C15DE58314}.Debug|Any CPU.Build.0 = Debug|Any CPU
		{0760B60E-494A-4ED3-81AF-03C15DE58314}.Release|Any CPU.ActiveCfg = Release|Any CPU
		{0760B60E-494A-4ED3-81AF-03C15DE58314}.Release|Any CPU.Build.0 = Release|Any CPU
		{9FFC95E8-5B0A-4EE2-9622-9929FBFCFA88}.Debug|Any CPU.ActiveCfg = Debug|Any CPU
		{9FFC95E8-5B0A-4EE2-9622-9929FBFCFA88}.Debug|Any CPU.Build.0 = Debug|Any CPU
		{9FFC95E8-5B0A-4EE2-9622-9929FBFCFA88}.Release|Any CPU.ActiveCfg = Release|Any CPU
		{9FFC95E8-5B0A-4EE2-9622-9929FBFCFA88}.Release|Any CPU.Build.0 = Release|Any CPU
		{5CEF3264-2B51-4EF3-AD17-B5D17C26CD5F}.Debug|Any CPU.ActiveCfg = Debug|Any CPU
		{5CEF3264-2B51-4EF3-AD17-B5D17C26CD5F}.Debug|Any CPU.Build.0 = Debug|Any CPU
		{5CEF3264-2B51-4EF3-AD17-B5D17C26CD5F}.Release|Any CPU.ActiveCfg = Release|Any CPU
		{5CEF3264-2B51-4EF3-AD17-B5D17C26CD5F}.Release|Any CPU.Build.0 = Release|Any CPU
	EndGlobalSection
	GlobalSection(SolutionProperties) = preSolution
		HideSolutionNode = FALSE
	EndGlobalSection
	GlobalSection(ExtensibilityGlobals) = postSolution
		SolutionGuid = {4C22877F-B979-4E5D-B0E6-2393FD1528D9}
	EndGlobalSection
EndGlobal
